
Microsoft Visual Studio Solution File, Format Version 12.00
# Visual Studio Version 16
VisualStudioVersion = 16.0.30804.86
MinimumVisualStudioVersion = 10.0.40219.1
Project("{FAE04EC0-301F-11D3-BF4B-00C04F79EFBC}") = "PaymentApp", "PaymentApp\PaymentApp.csproj", "{AC6E9B2F-C74B-4451-9B39-B9E30A76506E}"
EndProject
Global
	GlobalSection(SolutionConfigurationPlatforms) = preSolution
		Debug|Any CPU = Debug|Any CPU
		Release|Any CPU = Release|Any CPU
	EndGlobalSection
	GlobalSection(ProjectConfigurationPlatforms) = postSolution
		{AC6E9B2F-C74B-4451-9B39-B9E30A76506E}.Debug|Any CPU.ActiveCfg = Debug|Any CPU
		{AC6E9B2F-C74B-4451-9B39-B9E30A76506E}.Debug|Any CPU.Build.0 = Debug|Any CPU
		{AC6E9B2F-C74B-4451-9B39-B9E30A76506E}.Release|Any CPU.ActiveCfg = Release|Any CPU
		{AC6E9B2F-C74B-4451-9B39-B9E30A76506E}.Release|Any CPU.Build.0 = Release|Any CPU
	EndGlobalSection
	GlobalSection(SolutionProperties) = preSolution
		HideSolutionNode = FALSE
	EndGlobalSection
	GlobalSection(ExtensibilityGlobals) = postSolution
		SolutionGuid = {420A822E-9C0E-4BFF-A88E-59ABB9DD4137}
	EndGlobalSection
EndGlobal
